
Microsoft Visual Studio Solution File, Format Version 12.00
# Visual Studio Version 16
VisualStudioVersion = 16.0.31205.134
MinimumVisualStudioVersion = 10.0.40219.1
Project("{FAE04EC0-301F-11D3-BF4B-00C04F79EFBC}") = "DisconnectedEnvironment", "DisconnectedEnvironment\DisconnectedEnvironment.csproj", "{0BB08154-89FB-47DA-B126-A30F19102ED3}"
EndProject
Global
	GlobalSection(SolutionConfigurationPlatforms) = preSolution
		Debug|Any CPU = Debug|Any CPU
		Release|Any CPU = Release|Any CPU
	EndGlobalSection
	GlobalSection(ProjectConfigurationPlatforms) = postSolution
		{0BB08154-89FB-47DA-B126-A30F19102ED3}.Debug|Any CPU.ActiveCfg = Debug|Any CPU
		{0BB08154-89FB-47DA-B126-A30F19102ED3}.Debug|Any CPU.Build.0 = Debug|Any CPU
		{0BB08154-89FB-47DA-B126-A30F19102ED3}.Release|Any CPU.ActiveCfg = Release|Any CPU
		{0BB08154-89FB-47DA-B126-A30F19102ED3}.Release|Any CPU.Build.0 = Release|Any CPU
	EndGlobalSection
	GlobalSection(SolutionProperties) = preSolution
		HideSolutionNode = FALSE
	EndGlobalSection
	GlobalSection(ExtensibilityGlobals) = postSolution
		SolutionGuid = {070CC42A-C574-42D3-9809-E7179A94FA1D}
	EndGlobalSection
EndGlobal
